
Microsoft Visual Studio Solution File, Format Version 12.00
# Visual Studio 15
VisualStudioVersion = 15.0.27703.2042
MinimumVisualStudioVersion = 10.0.40219.1
Project("{FAE04EC0-301F-11D3-BF4B-00C04F79EFBC}") = "GeoNames2Sql", "src\GeoNames2Sql\GeoNames2Sql.csproj", "{3F88EFC0-9C8F-4E7F-B7A3-4BAB028B73BC}"
EndProject
Global
	GlobalSection(SolutionConfigurationPlatforms) = preSolution
		Debug|Any CPU = Debug|Any CPU
		Release|Any CPU = Release|Any CPU
	EndGlobalSection
	GlobalSection(ProjectConfigurationPlatforms) = postSolution
		{3F88EFC0-9C8F-4E7F-B7A3-4BAB028B73BC}.Debug|Any CPU.ActiveCfg = Debug|Any CPU
		{3F88EFC0-9C8F-4E7F-B7A3-4BAB028B73BC}.Debug|Any CPU.Build.0 = Debug|Any CPU
		{3F88EFC0-9C8F-4E7F-B7A3-4BAB028B73BC}.Release|Any CPU.ActiveCfg = Release|Any CPU
		{3F88EFC0-9C8F-4E7F-B7A3-4BAB028B73BC}.Release|Any CPU.Build.0 = Release|Any CPU
	EndGlobalSection
	GlobalSection(SolutionProperties) = preSolution
		HideSolutionNode = FALSE
	EndGlobalSection
	GlobalSection(ExtensibilityGlobals) = postSolution
		SolutionGuid = {D4CF5B68-4F33-47DC-9012-40545CC68448}
	EndGlobalSection
EndGlobal
